
Microsoft Visual Studio Solution File, Format Version 12.00
# Visual Studio Version 16
VisualStudioVersion = 16.0.31702.278
MinimumVisualStudioVersion = 10.0.40219.1
Project("{FAE04EC0-301F-11D3-BF4B-00C04F79EFBC}") = "DelegatesIntro", "DelegatesIntro\DelegatesIntro.csproj", "{88C1A59E-F5E1-491D-B940-8ADD80F67AAD}"
EndProject
Global
	GlobalSection(SolutionConfigurationPlatforms) = preSolution
		Debug|Any CPU = Debug|Any CPU
		Release|Any CPU = Release|Any CPU
	EndGlobalSection
	GlobalSection(ProjectConfigurationPlatforms) = postSolution
		{88C1A59E-F5E1-491D-B940-8ADD80F67AAD}.Debug|Any CPU.ActiveCfg = Debug|Any CPU
		{88C1A59E-F5E1-491D-B940-8ADD80F67AAD}.Debug|Any CPU.Build.0 = Debug|Any CPU
		{88C1A59E-F5E1-491D-B940-8ADD80F67AAD}.Release|Any CPU.ActiveCfg = Release|Any CPU
		{88C1A59E-F5E1-491D-B940-8ADD80F67AAD}.Release|Any CPU.Build.0 = Release|Any CPU
	EndGlobalSection
	GlobalSection(SolutionProperties) = preSolution
		HideSolutionNode = FALSE
	EndGlobalSection
	GlobalSection(ExtensibilityGlobals) = postSolution
		SolutionGuid = {C41D6797-60C4-435D-AB04-26A78121FCBF}
	EndGlobalSection
EndGlobal
